
Microsoft Visual Studio Solution File, Format Version 12.00
# Visual Studio Version 16
VisualStudioVersion = 16.0.30611.23
MinimumVisualStudioVersion = 10.0.40219.1
Project("{8BC9CEB8-8B4A-11D0-8D11-00A0C91BC942}") = "WiFiCon_ESP32", "WiFiCon_ESP32\WiFiCon_ESP32.vcxproj", "{C5F80730-F44F-4478-BDAE-6634EFC2CA88}"
EndProject
Project("{8BC9CEB8-8B4A-11D0-8D11-00A0C91BC942}") = "esp32_can-master-0.2.5", "WiFiCon_ESP32\Libraries\esp32_can-master\0.2.5\esp32_can-master\esp32_can-master-0.2.5.vcxitems", "{C17E3199-36C0-4CA0-83DA-B97239DFDAB8}"
EndProject
Global
	GlobalSection(SharedMSBuildProjectFiles) = preSolution
		WiFiCon_ESP32\Libraries\esp32_can-master\0.2.5\esp32_can-master\esp32_can-master-0.2.5.vcxitems*{c17e3199-36c0-4ca0-83da-b97239dfdab8}*SharedItemsImports = 9
		WiFiCon_ESP32\Libraries\esp32_can-master\0.2.5\esp32_can-master\esp32_can-master-0.2.5.vcxitems*{c5f80730-f44f-4478-bdae-6634efc2ca88}*SharedItemsImports = 4
	EndGlobalSection
	GlobalSection(SolutionConfigurationPlatforms) = preSolution
		Debug|x86 = Debug|x86
		Release|x86 = Release|x86
	EndGlobalSection
	GlobalSection(ProjectConfigurationPlatforms) = postSolution
		{C5F80730-F44F-4478-BDAE-6634EFC2CA88}.Debug|x86.ActiveCfg = Debug|Win32
		{C5F80730-F44F-4478-BDAE-6634EFC2CA88}.Debug|x86.Build.0 = Debug|Win32
		{C5F80730-F44F-4478-BDAE-6634EFC2CA88}.Release|x86.ActiveCfg = Release|Win32
		{C5F80730-F44F-4478-BDAE-6634EFC2CA88}.Release|x86.Build.0 = Release|Win32
	EndGlobalSection
	GlobalSection(SolutionProperties) = preSolution
		HideSolutionNode = FALSE
	EndGlobalSection
	GlobalSection(ExtensibilityGlobals) = postSolution
		SolutionGuid = {EA8BF213-2760-458E-9C19-1CA0696D5E74}
	EndGlobalSection
EndGlobal
